
Microsoft Visual Studio Solution File, Format Version 12.00
# Visual Studio Version 17
VisualStudioVersion = 17.1.32210.238
MinimumVisualStudioVersion = 10.0.40219.1
Project("{9A19103F-16F7-4668-BE54-9A1E7A4F7556}") = "JWTTokenHandler", "JWTTokenHandler.csproj", "{E11CB018-341F-4DB9-B5DE-6193401176BC}"
EndProject
Global
	GlobalSection(SolutionConfigurationPlatforms) = preSolution
		Debug|Any CPU = Debug|Any CPU
		Release|Any CPU = Release|Any CPU
	EndGlobalSection
	GlobalSection(ProjectConfigurationPlatforms) = postSolution
		{E11CB018-341F-4DB9-B5DE-6193401176BC}.Debug|Any CPU.ActiveCfg = Debug|Any CPU
		{E11CB018-341F-4DB9-B5DE-6193401176BC}.Debug|Any CPU.Build.0 = Debug|Any CPU
		{E11CB018-341F-4DB9-B5DE-6193401176BC}.Release|Any CPU.ActiveCfg = Release|Any CPU
		{E11CB018-341F-4DB9-B5DE-6193401176BC}.Release|Any CPU.Build.0 = Release|Any CPU
	EndGlobalSection
	GlobalSection(SolutionProperties) = preSolution
		HideSolutionNode = FALSE
	EndGlobalSection
	GlobalSection(ExtensibilityGlobals) = postSolution
		SolutionGuid = {36BD4CB7-433D-4C06-8E7E-A7EA6016E3A8}
	EndGlobalSection
EndGlobal
